
Microsoft Visual Studio Solution File, Format Version 12.00
# Visual Studio Version 16
VisualStudioVersion = 16.0.30104.148
MinimumVisualStudioVersion = 10.0.40219.1
Project("{FAE04EC0-301F-11D3-BF4B-00C04F79EFBC}") = "CleanUp", "CleanUp\CleanUp.csproj", "{1AF0F42A-B258-468A-9202-23513EE68520}"
EndProject
Global
	GlobalSection(SolutionConfigurationPlatforms) = preSolution
		Debug|Any CPU = Debug|Any CPU
		Release|Any CPU = Release|Any CPU
	EndGlobalSection
	GlobalSection(ProjectConfigurationPlatforms) = postSolution
		{1AF0F42A-B258-468A-9202-23513EE68520}.Debug|Any CPU.ActiveCfg = Debug|Any CPU
		{1AF0F42A-B258-468A-9202-23513EE68520}.Debug|Any CPU.Build.0 = Debug|Any CPU
		{1AF0F42A-B258-468A-9202-23513EE68520}.Release|Any CPU.ActiveCfg = Release|Any CPU
		{1AF0F42A-B258-468A-9202-23513EE68520}.Release|Any CPU.Build.0 = Release|Any CPU
	EndGlobalSection
	GlobalSection(SolutionProperties) = preSolution
		HideSolutionNode = FALSE
	EndGlobalSection
	GlobalSection(ExtensibilityGlobals) = postSolution
		SolutionGuid = {FDB6D07B-15CB-4C91-AF31-9DD0131DDC98}
	EndGlobalSection
EndGlobal
